PODS:
  - DKImagePickerController/Core (4.3.9):
    - DKImagePickerController/ImageDataManager
    - DKImagePickerController/Resource
  - DKImagePickerController/ImageDataManager (4.3.9)
  - DKImagePickerController/PhotoGallery (4.3.9):
    - DKImagePickerController/Core
    - DKPhotoGallery
  - DKImagePickerController/Resource (4.3.9)
  - DKPhotoGallery (0.0.19):
    - DKPhotoGallery/Core (= 0.0.19)
    - DKPhotoGallery/Model (= 0.0.19)
    - DKPhotoGallery/Preview (= 0.0.19)
    - DKPhotoGallery/Resource (= 0.0.19)
    - SDWebImage
    - SwiftyGif
  - DKPhotoGallery/Core (0.0.19):
    - DKPhotoGallery/Model
    - DKPhotoGallery/Preview
    - SDWebImage
    - SwiftyGif
  - DKPhotoGallery/Model (0.0.19):
    - SDWebImage
    - SwiftyGif
  - DKPhotoGallery/Preview (0.0.19):
    - DKPhotoGallery/Model
    - DKPhotoGallery/Resource
    - SDWebImage
    - SwiftyGif
  - DKPhotoGallery/Resource (0.0.19):
    - SDWebImage
    - SwiftyGif
  - file_picker (0.0.1):
    - DKImagePickerController/PhotoGallery
    - Flutter
  - Flutter (1.0.0)
  - flutter_secure_storage_darwin (10.0.0):
    - Flutter
    - FlutterMacOS
  - SDWebImage (5.21.7):
    - SDWebImage/Core (= 5.21.7)
  - SDWebImage/Core (5.21.7)
  - shared_preferences_foundation (0.0.1):
    - Flutter
    - FlutterMacOS
  - Stripe (25.15.0):
    - StripeApplePay (= 25.15.0)
    - StripeCore (= 25.15.0)
    - StripeIssuing (= 25.15.0)
    - StripePayments (= 25.15.0)
    - StripePaymentsUI (= 25.15.0)
    - StripeUICore (= 25.15.0)
  - stripe_ios (0.0.1):
    - Flutter
    - Stripe (~> 25.15.0)
    - stripe_ios/stripe_ios (= 0.0.1)
    - stripe_ios/stripe_objc (= 0.0.1)
    - StripeApplePay (~> 25.15.0)
    - StripeFinancialConnections (~> 25.15.0)
    - StripePayments (~> 25.15.0)
    - StripePaymentSheet (~> 25.15.0)
    - StripePaymentsUI (~> 25.15.0)
  - stripe_ios/stripe_ios (0.0.1):
    - Flutter
    - Stripe (~> 25.15.0)
    - stripe_ios/stripe_objc
    - StripeApplePay (~> 25.15.0)
    - StripeFinancialConnections (~> 25.15.0)
    - StripePayments (~> 25.15.0)
    - StripePaymentSheet (~> 25.15.0)
    - StripePaymentsUI (~> 25.15.0)
  - stripe_ios/stripe_objc (0.0.1):
    - Flutter
    - Stripe (~> 25.15.0)
    - StripeApplePay (~> 25.15.0)
    - StripeFinancialConnections (~> 25.15.0)
    - StripePayments (~> 25.15.0)
    - StripePaymentSheet (~> 25.15.0)
    - StripePaymentsUI (~> 25.15.0)
  - StripeApplePay (25.15.0):
    - StripeCore (= 25.15.0)
  - StripeCore (25.15.0)
  - StripeFinancialConnections (25.15.0):
    - StripeCore (= 25.15.0)
    - StripeUICore (= 25.15.0)
  - StripeIssuing (25.15.0):
    - StripeCore (= 25.15.0)
    - StripePayments (= 25.15.0)
    - StripePaymentsUI (= 25.15.0)
  - StripePayments (25.15.0):
    - StripeCore (= 25.15.0)
    - StripePayments/Stripe3DS2 (= 25.15.0)
  - StripePayments/Stripe3DS2 (25.15.0):
    - StripeCore (= 25.15.0)
  - StripePaymentSheet (25.15.0):
    - StripeApplePay (= 25.15.0)
    - StripeCore (= 25.15.0)
    - StripePayments (= 25.15.0)
    - StripePaymentsUI (= 25.15.0)
  - StripePaymentsUI (25.15.0):
    - StripeCore (= 25.15.0)
    - StripePayments (= 25.15.0)
    - StripeUICore (= 25.15.0)
  - StripeUICore (25.15.0):
    - StripeCore (= 25.15.0)
  - SwiftyGif (5.4.5)
  - url_launcher_ios (0.0.1):
    - Flutter

DEPENDENCIES:
  - file_picker (from `.symlinks/plugins/file_picker/ios`)
  - Flutter (from `Flutter`)
  - flutter_secure_storage_darwin (from `.symlinks/plugins/flutter_secure_storage_darwin/darwin`)
  - shared_preferences_foundation (from `.symlinks/plugins/shared_preferences_foundation/darwin`)
  - stripe_ios (from `.symlinks/plugins/stripe_ios/ios`)
  - url_launcher_ios (from `.symlinks/plugins/url_launcher_ios/ios`)

SPEC REPOS:
  trunk:
    - DKImagePickerController
    - DKPhotoGallery
    - SDWebImage
    - Stripe
    - StripeApplePay
    - StripeCore
    - StripeFinancialConnections
    - StripeIssuing
    - StripePayments
    - StripePaymentSheet
    - StripePaymentsUI
    - StripeUICore
    - SwiftyGif

EXTERNAL SOURCES:
  file_picker:
    :path: ".symlinks/plugins/file_picker/ios"
  Flutter:
    :path: Flutter
  flutter_secure_storage_darwin:
    :path: ".symlinks/plugins/flutter_secure_storage_darwin/darwin"
  shared_preferences_foundation:
    :path: ".symlinks/plugins/shared_preferences_foundation/darwin"
  stripe_ios:
    :path: ".symlinks/plugins/stripe_ios/ios"
  url_launcher_ios:
    :path: ".symlinks/plugins/url_launcher_ios/ios"

SPEC CHECKSUMS:
  DKImagePickerController: 946cec48c7873164274ecc4624d19e3da4c1ef3c
  DKPhotoGallery: b3834fecb755ee09a593d7c9e389d8b5d6deed60
  file_picker: a0560bc09d61de87f12d246fc47d2119e6ef37be
  Flutter: cabc95a1d2626b1b06e7179b784ebcf0c0cde467
  flutter_secure_storage_darwin: acdb3f316ed05a3e68f856e0353b133eec373a23
  SDWebImage: e9fc87c1aab89a8ab1bbd74eba378c6f53be8abf
  shared_preferences_foundation: 7036424c3d8ec98dfe75ff1667cb0cd531ec82bb
  Stripe: 438c2683199eed851e3fca2ee0156904ff166ce0
  stripe_ios: f968fb7800fcf0bad0661b8bc25b7e64a0a2ff39
  StripeApplePay: 983321574dc364226bef883994457d931289bcbc
  StripeCore: 8645a446637112586f6a862d2a000e7d8f5fc988
  StripeFinancialConnections: 66d4d828e5e47c674b2e539c5872414c2100e60a
  StripeIssuing: 1b21db879c6ec8eaba89af69ea654ce29333d322
  StripePayments: 1fe0ba59551bf2b5be62707694a2c40df01b195f
  StripePaymentSheet: d706de7ac354470ada1d1e0fa82de2be3e08ba1d
  StripePaymentsUI: 260125f3da77ba8010dcc89319da8549f94e7bd4
  StripeUICore: dd9ff37d3236763162914d8f19edd0c0c3f54861
  SwiftyGif: 706c60cf65fa2bc5ee0313beece843c8eb8194d4
  url_launcher_ios: 7a95fa5b60cc718a708b8f2966718e93db0cef1b

PODFILE CHECKSUM: 251cb053df7158f337c0712f2ab29f4e0fa474ce

COCOAPODS: 1.16.2
